
Microsoft Visual Studio Solution File, Format Version 12.00
# Visual Studio 2013
VisualStudioVersion = 12.0.31101.0
MinimumVisualStudioVersion = 10.0.40219.1
Project("{2150E333-8FDC-42A3-9474-1A3956D46DE8}") = "1.Clients", "1.Clients", "{FD8D74F8-D9F9-4778-9870-FC884D0C8C63}"
EndProject
Project("{2150E333-8FDC-42A3-9474-1A3956D46DE8}") = "2.Managers", "2.Managers", "{8A8CE9CE-5286-437F-BED8-F3D3CFA6984F}"
EndProject
Project("{2150E333-8FDC-42A3-9474-1A3956D46DE8}") = "3.Engines", "3.Engines", "{897FD4DF-9535-4BF1-9197-EF2F1F741036}"
EndProject
Project("{2150E333-8FDC-42A3-9474-1A3956D46DE8}") = "4.ResourceAccess", "4.ResourceAccess", "{5B746967-C530-4DE8-A04B-81A41ECBACD2}"
EndProject
Project("{2150E333-8FDC-42A3-9474-1A3956D46DE8}") = "5.Shared", "5.Shared", "{E43C7FAC-A1DA-41BC-B0D3-57AB8B173B4B}"
EndProject
Project("{2150E333-8FDC-42A3-9474-1A3956D46DE8}") = "Tests", "Tests", "{D0C0870E-4592-48DE-B386-B83E76286495}"
EndProject
Project("{2150E333-8FDC-42A3-9474-1A3956D46DE8}") = "Databases", "Databases", "{096D6AB4-C431-4818-832A-448E55B410A3}"
EndProject
Project("{FAE04EC0-301F-11D3-BF4B-00C04F79EFBC}") = "Website", "Website\Website.csproj", "{69CEB330-673C-4606-A770-A8993263F3D7}"
EndProject
Project("{FAE04EC0-301F-11D3-BF4B-00C04F79EFBC}") = "Website.Tests", "Website.Tests\Website.Tests.csproj", "{20923A8E-24B8-4C82-AFB0-A8F4826AC32B}"
EndProject
Project("{FAE04EC0-301F-11D3-BF4B-00C04F79EFBC}") = "DBSeeder", "DBSeeder\DBSeeder.csproj", "{EA06B7F9-52E1-42B4-B4DC-26C532586827}"
EndProject
Project("{FAE04EC0-301F-11D3-BF4B-00C04F79EFBC}") = "RegistrationManager", "RegistrationManager\RegistrationManager.csproj", "{9D67063C-BE83-4738-A1CC-26BD19CB9D97}"
EndProject
Project("{FAE04EC0-301F-11D3-BF4B-00C04F79EFBC}") = "EventManager", "EventManager\EventManager.csproj", "{C941E116-8E14-40DB-92B8-637FAF768611}"
EndProject
Project("{FAE04EC0-301F-11D3-BF4B-00C04F79EFBC}") = "RegistrationEngine", "RegistrationEngine\RegistrationEngine.csproj", "{38D647C9-7DF7-4259-82B5-FEB723FF6ABC}"
EndProject
Project("{FAE04EC0-301F-11D3-BF4B-00C04F79EFBC}") = "EventEngine", "EventEngine\EventEngine.csproj", "{C30D771C-4948-4B67-A503-F676D4155423}"
EndProject
Project("{FAE04EC0-301F-11D3-BF4B-00C04F79EFBC}") = "DataAccessor", "DataAccessor\DataAccessor.csproj", "{21348D8A-6654-4F98-B3C2-1AB004E94A6A}"
EndProject
Project("{FAE04EC0-301F-11D3-BF4B-00C04F79EFBC}") = "EmailAccessor", "EmailAccessor\EmailAccessor.csproj", "{267FFE7A-670C-4E76-A490-684DB722AB02}"
EndProject
Project("{FAE04EC0-301F-11D3-BF4B-00C04F79EFBC}") = "Common", "Common\Common.csproj", "{829C5797-CA5B-4FCF-8CC2-C19DAA4A821A}"
EndProject
Project("{FAE04EC0-301F-11D3-BF4B-00C04F79EFBC}") = "Contracts", "Contracts\Contracts.csproj", "{BBDF28C1-59CF-4F25-8F50-B204C6EB3E75}"
EndProject
Project("{FAE04EC0-301F-11D3-BF4B-00C04F79EFBC}") = "DataContracts", "DataContracts\DataContracts.csproj", "{B3D1AF9D-B3DA-4C62-A706-88050A2E2EF5}"
EndProject
Project("{00D1A9C2-B5F0-4AF3-8072-F6C62B433612}") = "GPDb", "GPDb\GPDb.sqlproj", "{990F43CA-7EF8-46F6-951A-2A321FBFDEA1}"
EndProject
Project("{FAE04EC0-301F-11D3-BF4B-00C04F79EFBC}") = "EntityFrameworkHelper", "EntityFrameworkHelper\EntityFrameworkHelper.csproj", "{128047CD-67D7-4C08-8C9A-4E6A1ACDB60F}"
EndProject
Project("{FAE04EC0-301F-11D3-BF4B-00C04F79EFBC}") = "UnityResolver", "UnityResolver\UnityResolver.csproj", "{3CEAFB28-BA1A-4072-8039-B098A0C6BEDC}"
EndProject
Global
	GlobalSection(SolutionConfigurationPlatforms) = preSolution
		Debug|Any CPU = Debug|Any CPU
		Debug|ARM = Debug|ARM
		Debug|x64 = Debug|x64
		Debug|x86 = Debug|x86
		QA|Any CPU = QA|Any CPU
		QA|ARM = QA|ARM
		QA|x64 = QA|x64
		QA|x86 = QA|x86
		Release|Any CPU = Release|Any CPU
		Release|ARM = Release|ARM
		Release|x64 = Release|x64
		Release|x86 = Release|x86
	EndGlobalSection
	GlobalSection(ProjectConfigurationPlatforms) = postSolution
		{69CEB330-673C-4606-A770-A8993263F3D7}.Debug|Any CPU.ActiveCfg = Debug|Any CPU
		{69CEB330-673C-4606-A770-A8993263F3D7}.Debug|Any CPU.Build.0 = Debug|Any CPU
		{69CEB330-673C-4606-A770-A8993263F3D7}.Debug|ARM.ActiveCfg = Debug|Any CPU
		{69CEB330-673C-4606-A770-A8993263F3D7}.Debug|x64.ActiveCfg = Debug|Any CPU
		{69CEB330-673C-4606-A770-A8993263F3D7}.Debug|x86.ActiveCfg = Debug|Any CPU
		{69CEB330-673C-4606-A770-A8993263F3D7}.QA|Any CPU.ActiveCfg = Release|Any CPU
		{69CEB330-673C-4606-A770-A8993263F3D7}.QA|Any CPU.Build.0 = Release|Any CPU
		{69CEB330-673C-4606-A770-A8993263F3D7}.QA|ARM.ActiveCfg = Release|Any CPU
		{69CEB330-673C-4606-A770-A8993263F3D7}.QA|x64.ActiveCfg = Release|Any CPU
		{69CEB330-673C-4606-A770-A8993263F3D7}.QA|x86.ActiveCfg = Release|Any CPU
		{69CEB330-673C-4606-A770-A8993263F3D7}.Release|Any CPU.ActiveCfg = Release|Any CPU
		{69CEB330-673C-4606-A770-A8993263F3D7}.Release|Any CPU.Build.0 = Release|Any CPU
		{69CEB330-673C-4606-A770-A8993263F3D7}.Release|ARM.ActiveCfg = Release|Any CPU
		{69CEB330-673C-4606-A770-A8993263F3D7}.Release|x64.ActiveCfg = Release|Any CPU
		{69CEB330-673C-4606-A770-A8993263F3D7}.Release|x86.ActiveCfg = Release|Any CPU
		{20923A8E-24B8-4C82-AFB0-A8F4826AC32B}.Debug|Any CPU.ActiveCfg = Debug|Any CPU
		{20923A8E-24B8-4C82-AFB0-A8F4826AC32B}.Debug|Any CPU.Build.0 = Debug|Any CPU
		{20923A8E-24B8-4C82-AFB0-A8F4826AC32B}.Debug|ARM.ActiveCfg = Debug|Any CPU
		{20923A8E-24B8-4C82-AFB0-A8F4826AC32B}.Debug|x64.ActiveCfg = Debug|Any CPU
		{20923A8E-24B8-4C82-AFB0-A8F4826AC32B}.Debug|x86.ActiveCfg = Debug|Any CPU
		{20923A8E-24B8-4C82-AFB0-A8F4826AC32B}.QA|Any CPU.ActiveCfg = Release|Any CPU
		{20923A8E-24B8-4C82-AFB0-A8F4826AC32B}.QA|Any CPU.Build.0 = Release|Any CPU
		{20923A8E-24B8-4C82-AFB0-A8F4826AC32B}.QA|ARM.ActiveCfg = Release|Any CPU
		{20923A8E-24B8-4C82-AFB0-A8F4826AC32B}.QA|x64.ActiveCfg = Release|Any CPU
		{20923A8E-24B8-4C82-AFB0-A8F4826AC32B}.QA|x86.ActiveCfg = Release|Any CPU
		{20923A8E-24B8-4C82-AFB0-A8F4826AC32B}.Release|Any CPU.ActiveCfg = Release|Any CPU
		{20923A8E-24B8-4C82-AFB0-A8F4826AC32B}.Release|Any CPU.Build.0 = Release|Any CPU
		{20923A8E-24B8-4C82-AFB0-A8F4826AC32B}.Release|ARM.ActiveCfg = Release|Any CPU
		{20923A8E-24B8-4C82-AFB0-A8F4826AC32B}.Release|x64.ActiveCfg = Release|Any CPU
		{20923A8E-24B8-4C82-AFB0-A8F4826AC32B}.Release|x86.ActiveCfg = Release|Any CPU
		{EA06B7F9-52E1-42B4-B4DC-26C532586827}.Debug|Any CPU.ActiveCfg = Debug|Any CPU
		{EA06B7F9-52E1-42B4-B4DC-26C532586827}.Debug|Any CPU.Build.0 = Debug|Any CPU
		{EA06B7F9-52E1-42B4-B4DC-26C532586827}.Debug|ARM.ActiveCfg = Debug|Any CPU
		{EA06B7F9-52E1-42B4-B4DC-26C532586827}.Debug|x64.ActiveCfg = Debug|Any CPU
		{EA06B7F9-52E1-42B4-B4DC-26C532586827}.Debug|x86.ActiveCfg = Debug|Any CPU
		{EA06B7F9-52E1-42B4-B4DC-26C532586827}.QA|Any CPU.ActiveCfg = Release|Any CPU
		{EA06B7F9-52E1-42B4-B4DC-26C532586827}.QA|Any CPU.Build.0 = Release|Any CPU
		{EA06B7F9-52E1-42B4-B4DC-26C532586827}.QA|ARM.ActiveCfg = Release|Any CPU
		{EA06B7F9-52E1-42B4-B4DC-26C532586827}.QA|x64.ActiveCfg = Release|Any CPU
		{EA06B7F9-52E1-42B4-B4DC-26C532586827}.QA|x86.ActiveCfg = Release|Any CPU
		{EA06B7F9-52E1-42B4-B4DC-26C532586827}.Release|Any CPU.ActiveCfg = Release|Any CPU
		{EA06B7F9-52E1-42B4-B4DC-26C532586827}.Release|Any CPU.Build.0 = Release|Any CPU
		{EA06B7F9-52E1-42B4-B4DC-26C532586827}.Release|ARM.ActiveCfg = Release|Any CPU
		{EA06B7F9-52E1-42B4-B4DC-26C532586827}.Release|x64.ActiveCfg = Release|Any CPU
		{EA06B7F9-52E1-42B4-B4DC-26C532586827}.Release|x86.ActiveCfg = Release|Any CPU
		{9D67063C-BE83-4738-A1CC-26BD19CB9D97}.Debug|Any CPU.ActiveCfg = Debug|Any CPU
		{9D67063C-BE83-4738-A1CC-26BD19CB9D97}.Debug|Any CPU.Build.0 = Debug|Any CPU
		{9D67063C-BE83-4738-A1CC-26BD19CB9D97}.Debug|ARM.ActiveCfg = Debug|Any CPU
		{9D67063C-BE83-4738-A1CC-26BD19CB9D97}.Debug|x64.ActiveCfg = Debug|Any CPU
		{9D67063C-BE83-4738-A1CC-26BD19CB9D97}.Debug|x86.ActiveCfg = Debug|Any CPU
		{9D67063C-BE83-4738-A1CC-26BD19CB9D97}.QA|Any CPU.ActiveCfg = Release|Any CPU
		{9D67063C-BE83-4738-A1CC-26BD19CB9D97}.QA|Any CPU.Build.0 = Release|Any CPU
		{9D67063C-BE83-4738-A1CC-26BD19CB9D97}.QA|ARM.ActiveCfg = Release|Any CPU
		{9D67063C-BE83-4738-A1CC-26BD19CB9D97}.QA|x64.ActiveCfg = Release|Any CPU
		{9D67063C-BE83-4738-A1CC-26BD19CB9D97}.QA|x86.ActiveCfg = Release|Any CPU
		{9D67063C-BE83-4738-A1CC-26BD19CB9D97}.Release|Any CPU.ActiveCfg = Release|Any CPU
		{9D67063C-BE83-4738-A1CC-26BD19CB9D97}.Release|Any CPU.Build.0 = Release|Any CPU
		{9D67063C-BE83-4738-A1CC-26BD19CB9D97}.Release|ARM.ActiveCfg = Release|Any CPU
		{9D67063C-BE83-4738-A1CC-26BD19CB9D97}.Release|x64.ActiveCfg = Release|Any CPU
		{9D67063C-BE83-4738-A1CC-26BD19CB9D97}.Release|x86.ActiveCfg = Release|Any CPU
		{C941E116-8E14-40DB-92B8-637FAF768611}.Debug|Any CPU.ActiveCfg = Debug|Any CPU
		{C941E116-8E14-40DB-92B8-637FAF768611}.Debug|Any CPU.Build.0 = Debug|Any CPU
		{C941E116-8E14-40DB-92B8-637FAF768611}.Debug|ARM.ActiveCfg = Debug|Any CPU
		{C941E116-8E14-40DB-92B8-637FAF768611}.Debug|x64.ActiveCfg = Debug|Any CPU
		{C941E116-8E14-40DB-92B8-637FAF768611}.Debug|x86.ActiveCfg = Debug|Any CPU
		{C941E116-8E14-40DB-92B8-637FAF768611}.QA|Any CPU.ActiveCfg = Release|Any CPU
		{C941E116-8E14-40DB-92B8-637FAF768611}.QA|Any CPU.Build.0 = Release|Any CPU
		{C941E116-8E14-40DB-92B8-637FAF768611}.QA|ARM.ActiveCfg = Release|Any CPU
		{C941E116-8E14-40DB-92B8-637FAF768611}.QA|x64.ActiveCfg = Release|Any CPU
		{C941E116-8E14-40DB-92B8-637FAF768611}.QA|x86.ActiveCfg = Release|Any CPU
		{C941E116-8E14-40DB-92B8-637FAF768611}.Release|Any CPU.ActiveCfg = Release|Any CPU
		{C941E116-8E14-40DB-92B8-637FAF768611}.Release|Any CPU.Build.0 = Release|Any CPU
		{C941E116-8E14-40DB-92B8-637FAF768611}.Release|ARM.ActiveCfg = Release|Any CPU
		{C941E116-8E14-40DB-92B8-637FAF768611}.Release|x64.ActiveCfg = Release|Any CPU
		{C941E116-8E14-40DB-92B8-637FAF768611}.Release|x86.ActiveCfg = Release|Any CPU
		{38D647C9-7DF7-4259-82B5-FEB723FF6ABC}.Debug|Any CPU.ActiveCfg = Debug|Any CPU
		{38D647C9-7DF7-4259-82B5-FEB723FF6ABC}.Debug|Any CPU.Build.0 = Debug|Any CPU
		{38D647C9-7DF7-4259-82B5-FEB723FF6ABC}.Debug|ARM.ActiveCfg = Debug|Any CPU
		{38D647C9-7DF7-4259-82B5-FEB723FF6ABC}.Debug|x64.ActiveCfg = Debug|Any CPU
		{38D647C9-7DF7-4259-82B5-FEB723FF6ABC}.Debug|x86.ActiveCfg = Debug|Any CPU
		{38D647C9-7DF7-4259-82B5-FEB723FF6ABC}.QA|Any CPU.ActiveCfg = Release|Any CPU
		{38D647C9-7DF7-4259-82B5-FEB723FF6ABC}.QA|Any CPU.Build.0 = Release|Any CPU
		{38D647C9-7DF7-4259-82B5-FEB723FF6ABC}.QA|ARM.ActiveCfg = Release|Any CPU
		{38D647C9-7DF7-4259-82B5-FEB723FF6ABC}.QA|x64.ActiveCfg = Release|Any CPU
		{38D647C9-7DF7-4259-82B5-FEB723FF6ABC}.QA|x86.ActiveCfg = Release|Any CPU
		{38D647C9-7DF7-4259-82B5-FEB723FF6ABC}.Release|Any CPU.ActiveCfg = Release|Any CPU
		{38D647C9-7DF7-4259-82B5-FEB723FF6ABC}.Release|Any CPU.Build.0 = Release|Any CPU
		{38D647C9-7DF7-4259-82B5-FEB723FF6ABC}.Release|ARM.ActiveCfg = Release|Any CPU
		{38D647C9-7DF7-4259-82B5-FEB723FF6ABC}.Release|x64.ActiveCfg = Release|Any CPU
		{38D647C9-7DF7-4259-82B5-FEB723FF6ABC}.Release|x86.ActiveCfg = Release|Any CPU
		{C30D771C-4948-4B67-A503-F676D4155423}.Debug|Any CPU.ActiveCfg = Debug|Any CPU
		{C30D771C-4948-4B67-A503-F676D4155423}.Debug|Any CPU.Build.0 = Debug|Any CPU
		{C30D771C-4948-4B67-A503-F676D4155423}.Debug|ARM.ActiveCfg = Debug|Any CPU
		{C30D771C-4948-4B67-A503-F676D4155423}.Debug|x64.ActiveCfg = Debug|Any CPU
		{C30D771C-4948-4B67-A503-F676D4155423}.Debug|x86.ActiveCfg = Debug|Any CPU
		{C30D771C-4948-4B67-A503-F676D4155423}.QA|Any CPU.ActiveCfg = Release|Any CPU
		{C30D771C-4948-4B67-A503-F676D4155423}.QA|Any CPU.Build.0 = Release|Any CPU
		{C30D771C-4948-4B67-A503-F676D4155423}.QA|ARM.ActiveCfg = Release|Any CPU
		{C30D771C-4948-4B67-A503-F676D4155423}.QA|x64.ActiveCfg = Release|Any CPU
		{C30D771C-4948-4B67-A503-F676D4155423}.QA|x86.ActiveCfg = Release|Any CPU
		{C30D771C-4948-4B67-A503-F676D4155423}.Release|Any CPU.ActiveCfg = Release|Any CPU
		{C30D771C-4948-4B67-A503-F676D4155423}.Release|Any CPU.Build.0 = Release|Any CPU
		{C30D771C-4948-4B67-A503-F676D4155423}.Release|ARM.ActiveCfg = Release|Any CPU
		{C30D771C-4948-4B67-A503-F676D4155423}.Release|x64.ActiveCfg = Release|Any CPU
		{C30D771C-4948-4B67-A503-F676D4155423}.Release|x86.ActiveCfg = Release|Any CPU
		{21348D8A-6654-4F98-B3C2-1AB004E94A6A}.Debug|Any CPU.ActiveCfg = Debug|Any CPU
		{21348D8A-6654-4F98-B3C2-1AB004E94A6A}.Debug|Any CPU.Build.0 = Debug|Any CPU
		{21348D8A-6654-4F98-B3C2-1AB004E94A6A}.Debug|ARM.ActiveCfg = Debug|Any CPU
		{21348D8A-6654-4F98-B3C2-1AB004E94A6A}.Debug|x64.ActiveCfg = Debug|Any CPU
		{21348D8A-6654-4F98-B3C2-1AB004E94A6A}.Debug|x86.ActiveCfg = Debug|Any CPU
		{21348D8A-6654-4F98-B3C2-1AB004E94A6A}.QA|Any CPU.ActiveCfg = Release|Any CPU
		{21348D8A-6654-4F98-B3C2-1AB004E94A6A}.QA|Any CPU.Build.0 = Release|Any CPU
		{21348D8A-6654-4F98-B3C2-1AB004E94A6A}.QA|ARM.ActiveCfg = Release|Any CPU
		{21348D8A-6654-4F98-B3C2-1AB004E94A6A}.QA|x64.ActiveCfg = Release|Any CPU
		{21348D8A-6654-4F98-B3C2-1AB004E94A6A}.QA|x86.ActiveCfg = Release|Any CPU
		{21348D8A-6654-4F98-B3C2-1AB004E94A6A}.Release|Any CPU.ActiveCfg = Release|Any CPU
		{21348D8A-6654-4F98-B3C2-1AB004E94A6A}.Release|Any CPU.Build.0 = Release|Any CPU
		{21348D8A-6654-4F98-B3C2-1AB004E94A6A}.Release|ARM.ActiveCfg = Release|Any CPU
		{21348D8A-6654-4F98-B3C2-1AB004E94A6A}.Release|x64.ActiveCfg = Release|Any CPU
		{21348D8A-6654-4F98-B3C2-1AB004E94A6A}.Release|x86.ActiveCfg = Release|Any CPU
		{267FFE7A-670C-4E76-A490-684DB722AB02}.Debug|Any CPU.ActiveCfg = Debug|Any CPU
		{267FFE7A-670C-4E76-A490-684DB722AB02}.Debug|Any CPU.Build.0 = Debug|Any CPU
		{267FFE7A-670C-4E76-A490-684DB722AB02}.Debug|ARM.ActiveCfg = Debug|Any CPU
		{267FFE7A-670C-4E76-A490-684DB722AB02}.Debug|x64.ActiveCfg = Debug|Any CPU
		{267FFE7A-670C-4E76-A490-684DB722AB02}.Debug|x86.ActiveCfg = Debug|Any CPU
		{267FFE7A-670C-4E76-A490-684DB722AB02}.QA|Any CPU.ActiveCfg = Release|Any CPU
		{267FFE7A-670C-4E76-A490-684DB722AB02}.QA|Any CPU.Build.0 = Release|Any CPU
		{267FFE7A-670C-4E76-A490-684DB722AB02}.QA|ARM.ActiveCfg = Release|Any CPU
		{267FFE7A-670C-4E76-A490-684DB722AB02}.QA|x64.ActiveCfg = Release|Any CPU
		{267FFE7A-670C-4E76-A490-684DB722AB02}.QA|x86.ActiveCfg = Release|Any CPU
		{267FFE7A-670C-4E76-A490-684DB722AB02}.Release|Any CPU.ActiveCfg = Release|Any CPU
		{267FFE7A-670C-4E76-A490-684DB722AB02}.Release|Any CPU.Build.0 = Release|Any CPU
		{267FFE7A-670C-4E76-A490-684DB722AB02}.Release|ARM.ActiveCfg = Release|Any CPU
		{267FFE7A-670C-4E76-A490-684DB722AB02}.Release|x64.ActiveCfg = Release|Any CPU
		{267FFE7A-670C-4E76-A490-684DB722AB02}.Release|x86.ActiveCfg = Release|Any CPU
		{829C5797-CA5B-4FCF-8CC2-C19DAA4A821A}.Debug|Any CPU.ActiveCfg = Debug|Any CPU
		{829C5797-CA5B-4FCF-8CC2-C19DAA4A821A}.Debug|Any CPU.Build.0 = Debug|Any CPU
		{829C5797-CA5B-4FCF-8CC2-C19DAA4A821A}.Debug|ARM.ActiveCfg = Debug|Any CPU
		{829C5797-CA5B-4FCF-8CC2-C19DAA4A821A}.Debug|x64.ActiveCfg = Debug|Any CPU
		{829C5797-CA5B-4FCF-8CC2-C19DAA4A821A}.Debug|x86.ActiveCfg = Debug|Any CPU
		{829C5797-CA5B-4FCF-8CC2-C19DAA4A821A}.QA|Any CPU.ActiveCfg = Release|Any CPU
		{829C5797-CA5B-4FCF-8CC2-C19DAA4A821A}.QA|Any CPU.Build.0 = Release|Any CPU
		{829C5797-CA5B-4FCF-8CC2-C19DAA4A821A}.QA|ARM.ActiveCfg = Release|Any CPU
		{829C5797-CA5B-4FCF-8CC2-C19DAA4A821A}.QA|x64.ActiveCfg = Release|Any CPU
		{829C5797-CA5B-4FCF-8CC2-C19DAA4A821A}.QA|x86.ActiveCfg = Release|Any CPU
		{829C5797-CA5B-4FCF-8CC2-C19DAA4A821A}.Release|Any CPU.ActiveCfg = Release|Any CPU
		{829C5797-CA5B-4FCF-8CC2-C19DAA4A821A}.Release|Any CPU.Build.0 = Release|Any CPU
		{829C5797-CA5B-4FCF-8CC2-C19DAA4A821A}.Release|ARM.ActiveCfg = Release|Any CPU
		{829C5797-CA5B-4FCF-8CC2-C19DAA4A821A}.Release|x64.ActiveCfg = Release|Any CPU
		{829C5797-CA5B-4FCF-8CC2-C19DAA4A821A}.Release|x86.ActiveCfg = Release|Any CPU
		{BBDF28C1-59CF-4F25-8F50-B204C6EB3E75}.Debug|Any CPU.ActiveCfg = Debug|Any CPU
		{BBDF28C1-59CF-4F25-8F50-B204C6EB3E75}.Debug|Any CPU.Build.0 = Debug|Any CPU
		{BBDF28C1-59CF-4F25-8F50-B204C6EB3E75}.Debug|ARM.ActiveCfg = Debug|Any CPU
		{BBDF28C1-59CF-4F25-8F50-B204C6EB3E75}.Debug|x64.ActiveCfg = Debug|Any CPU
		{BBDF28C1-59CF-4F25-8F50-B204C6EB3E75}.Debug|x86.ActiveCfg = Debug|Any CPU
		{BBDF28C1-59CF-4F25-8F50-B204C6EB3E75}.QA|Any CPU.ActiveCfg = Release|Any CPU
		{BBDF28C1-59CF-4F25-8F50-B204C6EB3E75}.QA|Any CPU.Build.0 = Release|Any CPU
		{BBDF28C1-59CF-4F25-8F50-B204C6EB3E75}.QA|ARM.ActiveCfg = Release|Any CPU
		{BBDF28C1-59CF-4F25-8F50-B204C6EB3E75}.QA|x64.ActiveCfg = Release|Any CPU
		{BBDF28C1-59CF-4F25-8F50-B204C6EB3E75}.QA|x86.ActiveCfg = Release|Any CPU
		{BBDF28C1-59CF-4F25-8F50-B204C6EB3E75}.Release|Any CPU.ActiveCfg = Release|Any CPU
		{BBDF28C1-59CF-4F25-8F50-B204C6EB3E75}.Release|Any CPU.Build.0 = Release|Any CPU
		{BBDF28C1-59CF-4F25-8F50-B204C6EB3E75}.Release|ARM.ActiveCfg = Release|Any CPU
		{BBDF28C1-59CF-4F25-8F50-B204C6EB3E75}.Release|x64.ActiveCfg = Release|Any CPU
		{BBDF28C1-59CF-4F25-8F50-B204C6EB3E75}.Release|x86.ActiveCfg = Release|Any CPU
		{B3D1AF9D-B3DA-4C62-A706-88050A2E2EF5}.Debug|Any CPU.ActiveCfg = Debug|Any CPU
		{B3D1AF9D-B3DA-4C62-A706-88050A2E2EF5}.Debug|Any CPU.Build.0 = Debug|Any CPU
		{B3D1AF9D-B3DA-4C62-A706-88050A2E2EF5}.Debug|ARM.ActiveCfg = Debug|Any CPU
		{B3D1AF9D-B3DA-4C62-A706-88050A2E2EF5}.Debug|x64.ActiveCfg = Debug|Any CPU
		{B3D1AF9D-B3DA-4C62-A706-88050A2E2EF5}.Debug|x86.ActiveCfg = Debug|Any CPU
		{B3D1AF9D-B3DA-4C62-A706-88050A2E2EF5}.QA|Any CPU.ActiveCfg = Release|Any CPU
		{B3D1AF9D-B3DA-4C62-A706-88050A2E2EF5}.QA|Any CPU.Build.0 = Release|Any CPU
		{B3D1AF9D-B3DA-4C62-A706-88050A2E2EF5}.QA|ARM.ActiveCfg = Release|Any CPU
		{B3D1AF9D-B3DA-4C62-A706-88050A2E2EF5}.QA|x64.ActiveCfg = Release|Any CPU
		{B3D1AF9D-B3DA-4C62-A706-88050A2E2EF5}.QA|x86.ActiveCfg = Release|Any CPU
		{B3D1AF9D-B3DA-4C62-A706-88050A2E2EF5}.Release|Any CPU.ActiveCfg = Release|Any CPU
		{B3D1AF9D-B3DA-4C62-A706-88050A2E2EF5}.Release|Any CPU.Build.0 = Release|Any CPU
		{B3D1AF9D-B3DA-4C62-A706-88050A2E2EF5}.Release|ARM.ActiveCfg = Release|Any CPU
		{B3D1AF9D-B3DA-4C62-A706-88050A2E2EF5}.Release|x64.ActiveCfg = Release|Any CPU
		{B3D1AF9D-B3DA-4C62-A706-88050A2E2EF5}.Release|x86.ActiveCfg = Release|Any CPU
		{990F43CA-7EF8-46F6-951A-2A321FBFDEA1}.Debug|Any CPU.ActiveCfg = Debug|Any CPU
		{990F43CA-7EF8-46F6-951A-2A321FBFDEA1}.Debug|Any CPU.Build.0 = Debug|Any CPU
		{990F43CA-7EF8-46F6-951A-2A321FBFDEA1}.Debug|Any CPU.Deploy.0 = Debug|Any CPU
		{990F43CA-7EF8-46F6-951A-2A321FBFDEA1}.Debug|ARM.ActiveCfg = Debug|Any CPU
		{990F43CA-7EF8-46F6-951A-2A321FBFDEA1}.Debug|x64.ActiveCfg = Debug|Any CPU
		{990F43CA-7EF8-46F6-951A-2A321FBFDEA1}.Debug|x86.ActiveCfg = Debug|Any CPU
		{990F43CA-7EF8-46F6-951A-2A321FBFDEA1}.QA|Any CPU.ActiveCfg = Debug|Any CPU
		{990F43CA-7EF8-46F6-951A-2A321FBFDEA1}.QA|Any CPU.Build.0 = Debug|Any CPU
		{990F43CA-7EF8-46F6-951A-2A321FBFDEA1}.QA|Any CPU.Deploy.0 = Debug|Any CPU
		{990F43CA-7EF8-46F6-951A-2A321FBFDEA1}.QA|ARM.ActiveCfg = Debug|Any CPU
		{990F43CA-7EF8-46F6-951A-2A321FBFDEA1}.QA|x64.ActiveCfg = Debug|Any CPU
		{990F43CA-7EF8-46F6-951A-2A321FBFDEA1}.QA|x86.ActiveCfg = Debug|Any CPU
		{990F43CA-7EF8-46F6-951A-2A321FBFDEA1}.Release|Any CPU.ActiveCfg = Release|Any CPU
		{990F43CA-7EF8-46F6-951A-2A321FBFDEA1}.Release|Any CPU.Build.0 = Release|Any CPU
		{990F43CA-7EF8-46F6-951A-2A321FBFDEA1}.Release|Any CPU.Deploy.0 = Release|Any CPU
		{990F43CA-7EF8-46F6-951A-2A321FBFDEA1}.Release|ARM.ActiveCfg = Release|Any CPU
		{990F43CA-7EF8-46F6-951A-2A321FBFDEA1}.Release|x64.ActiveCfg = Release|Any CPU
		{990F43CA-7EF8-46F6-951A-2A321FBFDEA1}.Release|x86.ActiveCfg = Release|Any CPU
		{128047CD-67D7-4C08-8C9A-4E6A1ACDB60F}.Debug|Any CPU.ActiveCfg = Debug|Any CPU
		{128047CD-67D7-4C08-8C9A-4E6A1ACDB60F}.Debug|Any CPU.Build.0 = Debug|Any CPU
		{128047CD-67D7-4C08-8C9A-4E6A1ACDB60F}.Debug|ARM.ActiveCfg = Debug|Any CPU
		{128047CD-67D7-4C08-8C9A-4E6A1ACDB60F}.Debug|x64.ActiveCfg = Debug|Any CPU
		{128047CD-67D7-4C08-8C9A-4E6A1ACDB60F}.Debug|x86.ActiveCfg = Debug|Any CPU
		{128047CD-67D7-4C08-8C9A-4E6A1ACDB60F}.QA|Any CPU.ActiveCfg = Release|Any CPU
		{128047CD-67D7-4C08-8C9A-4E6A1ACDB60F}.QA|Any CPU.Build.0 = Release|Any CPU
		{128047CD-67D7-4C08-8C9A-4E6A1ACDB60F}.QA|ARM.ActiveCfg = Release|Any CPU
		{128047CD-67D7-4C08-8C9A-4E6A1ACDB60F}.QA|x64.ActiveCfg = Release|Any CPU
		{128047CD-67D7-4C08-8C9A-4E6A1ACDB60F}.QA|x86.ActiveCfg = Release|Any CPU
		{128047CD-67D7-4C08-8C9A-4E6A1ACDB60F}.Release|Any CPU.ActiveCfg = Release|Any CPU
		{128047CD-67D7-4C08-8C9A-4E6A1ACDB60F}.Release|Any CPU.Build.0 = Release|Any CPU
		{128047CD-67D7-4C08-8C9A-4E6A1ACDB60F}.Release|ARM.ActiveCfg = Release|Any CPU
		{128047CD-67D7-4C08-8C9A-4E6A1ACDB60F}.Release|x64.ActiveCfg = Release|Any CPU
		{128047CD-67D7-4C08-8C9A-4E6A1ACDB60F}.Release|x86.ActiveCfg = Release|Any CPU
		{3CEAFB28-BA1A-4072-8039-B098A0C6BEDC}.Debug|Any CPU.ActiveCfg = Debug|Any CPU
		{3CEAFB28-BA1A-4072-8039-B098A0C6BEDC}.Debug|Any CPU.Build.0 = Debug|Any CPU
		{3CEAFB28-BA1A-4072-8039-B098A0C6BEDC}.Debug|ARM.ActiveCfg = Debug|Any CPU
		{3CEAFB28-BA1A-4072-8039-B098A0C6BEDC}.Debug|x64.ActiveCfg = Debug|Any CPU
		{3CEAFB28-BA1A-4072-8039-B098A0C6BEDC}.Debug|x86.ActiveCfg = Debug|Any CPU
		{3CEAFB28-BA1A-4072-8039-B098A0C6BEDC}.QA|Any CPU.ActiveCfg = Release|Any CPU
		{3CEAFB28-BA1A-4072-8039-B098A0C6BEDC}.QA|Any CPU.Build.0 = Release|Any CPU
		{3CEAFB28-BA1A-4072-8039-B098A0C6BEDC}.QA|ARM.ActiveCfg = Release|Any CPU
		{3CEAFB28-BA1A-4072-8039-B098A0C6BEDC}.QA|x64.ActiveCfg = Release|Any CPU
		{3CEAFB28-BA1A-4072-8039-B098A0C6BEDC}.QA|x86.ActiveCfg = Release|Any CPU
		{3CEAFB28-BA1A-4072-8039-B098A0C6BEDC}.Release|Any CPU.ActiveCfg = Release|Any CPU
		{3CEAFB28-BA1A-4072-8039-B098A0C6BEDC}.Release|Any CPU.Build.0 = Release|Any CPU
		{3CEAFB28-BA1A-4072-8039-B098A0C6BEDC}.Release|ARM.ActiveCfg = Release|Any CPU
		{3CEAFB28-BA1A-4072-8039-B098A0C6BEDC}.Release|x64.ActiveCfg = Release|Any CPU
		{3CEAFB28-BA1A-4072-8039-B098A0C6BEDC}.Release|x86.ActiveCfg = Release|Any CPU
	EndGlobalSection
	GlobalSection(SolutionProperties) = preSolution
		HideSolutionNode = FALSE
	EndGlobalSection
	GlobalSection(NestedProjects) = preSolution
		{69CEB330-673C-4606-A770-A8993263F3D7} = {FD8D74F8-D9F9-4778-9870-FC884D0C8C63}
		{20923A8E-24B8-4C82-AFB0-A8F4826AC32B} = {D0C0870E-4592-48DE-B386-B83E76286495}
		{EA06B7F9-52E1-42B4-B4DC-26C532586827} = {FD8D74F8-D9F9-4778-9870-FC884D0C8C63}
		{9D67063C-BE83-4738-A1CC-26BD19CB9D97} = {8A8CE9CE-5286-437F-BED8-F3D3CFA6984F}
		{C941E116-8E14-40DB-92B8-637FAF768611} = {8A8CE9CE-5286-437F-BED8-F3D3CFA6984F}
		{38D647C9-7DF7-4259-82B5-FEB723FF6ABC} = {897FD4DF-9535-4BF1-9197-EF2F1F741036}
		{C30D771C-4948-4B67-A503-F676D4155423} = {897FD4DF-9535-4BF1-9197-EF2F1F741036}
		{21348D8A-6654-4F98-B3C2-1AB004E94A6A} = {5B746967-C530-4DE8-A04B-81A41ECBACD2}
		{267FFE7A-670C-4E76-A490-684DB722AB02} = {5B746967-C530-4DE8-A04B-81A41ECBACD2}
		{829C5797-CA5B-4FCF-8CC2-C19DAA4A821A} = {E43C7FAC-A1DA-41BC-B0D3-57AB8B173B4B}
		{BBDF28C1-59CF-4F25-8F50-B204C6EB3E75} = {E43C7FAC-A1DA-41BC-B0D3-57AB8B173B4B}
		{B3D1AF9D-B3DA-4C62-A706-88050A2E2EF5} = {E43C7FAC-A1DA-41BC-B0D3-57AB8B173B4B}
		{990F43CA-7EF8-46F6-951A-2A321FBFDEA1} = {096D6AB4-C431-4818-832A-448E55B410A3}
		{128047CD-67D7-4C08-8C9A-4E6A1ACDB60F} = {E43C7FAC-A1DA-41BC-B0D3-57AB8B173B4B}
		{3CEAFB28-BA1A-4072-8039-B098A0C6BEDC} = {E43C7FAC-A1DA-41BC-B0D3-57AB8B173B4B}
	EndGlobalSection
EndGlobal
